// !$*UTF8*$!
{
	archiveVersion = 1;
	classes = {
	};
	objectVersion = 51;
	objects = {

/* Begin PBXBuildFile section */
		14A84B78C300597EBF3590C4 /* Pods_Sketchpad.framework in Frameworks */ = {isa = PBXBuildFile; fileRef = 5E0538BC82E59F0D5C7C1BC4 /* Pods_Sketchpad.framework */; };
		470B92C826A44A340030A5B3 /* AllPicturesCollectionViewController.swift in Sources */ = {isa = PBXBuildFile; fileRef = 470B92C726A44A330030A5B3 /* AllPicturesCollectionViewController.swift */; };
		4755495326A1972A00EB02EF /* AppDelegate.swift in Sources */ = {isa = PBXBuildFile; fileRef = 4755495226A1972A00EB02EF /* AppDelegate.swift */; };
		4755495526A1972A00EB02EF /* SceneDelegate.swift in Sources */ = {isa = PBXBuildFile; fileRef = 4755495426A1972A00EB02EF /* SceneDelegate.swift */; };
		4755495A26A1972A00EB02EF /* Main.storyboard in Resources */ = {isa = PBXBuildFile; fileRef = 4755495826A1972A00EB02EF /* Main.storyboard */; };
		4755495D26A1972A00EB02EF /* Sketchpad.xcdatamodeld in Sources */ = {isa = PBXBuildFile; fileRef = 4755495B26A1972A00EB02EF /* Sketchpad.xcdatamodeld */; };
		4755495F26A1972C00EB02EF /* Assets.xcassets in Resources */ = {isa = PBXBuildFile; fileRef = 4755495E26A1972C00EB02EF /* Assets.xcassets */; };
		4755496226A1972C00EB02EF /* LaunchScreen.storyboard in Resources */ = {isa = PBXBuildFile; fileRef = 4755496026A1972C00EB02EF /* LaunchScreen.storyboard */; };
		4755496A26A1A01900EB02EF /* DrawingViewController.swift in Sources */ = {isa = PBXBuildFile; fileRef = 4755496926A1A01900EB02EF /* DrawingViewController.swift */; };
/* End PBXBuildFile section */

/* Begin PBXFileReference section */
		470B92C726A44A330030A5B3 /* AllPicturesCollectionViewController.swift */ = {isa = PBXFileReference; lastKnownFileType = sourcecode.swift; path = AllPicturesCollectionViewController.swift; sourceTree = "<group>"; };
		4755494F26A1972A00EB02EF /* Sketchpad.app */ = {isa = PBXFileReference; explicitFileType = wrapper.application; includeInIndex = 0; path = Sketchpad.app; sourceTree = BUILT_PRODUCTS_DIR; };
		4755495226A1972A00EB02EF /* AppDelegate.swift */ = {isa = PBXFileReference; lastKnownFileType = sourcecode.swift; path = AppDelegate.swift; sourceTree = "<group>"; };
		4755495426A1972A00EB02EF /* SceneDelegate.swift */ = {isa = PBXFileReference; lastKnownFileType = sourcecode.swift; path = SceneDelegate.swift; sourceTree = "<group>"; };
		4755495926A1972A00EB02EF /* Base */ = {isa = PBXFileReference; lastKnownFileType = file.storyboard; name = Base; path = Base.lproj/Main.storyboard; sourceTree = "<group>"; };
		4755495C26A1972A00EB02EF /* Sketchpad.xcdatamodel */ = {isa = PBXFileReference; lastKnownFileType = wrapper.xcdatamodel; path = Sketchpad.xcdatamodel; sourceTree = "<group>"; };
		4755495E26A1972C00EB02EF /* Assets.xcassets */ = {isa = PBXFileReference; lastKnownFileType = folder.assetcatalog; path = Assets.xcassets; sourceTree = "<group>"; };
		4755496126A1972C00EB02EF /* Base */ = {isa = PBXFileReference; lastKnownFileType = file.storyboard; name = Base; path = Base.lproj/LaunchScreen.storyboard; sourceTree = "<group>"; };
		4755496326A1972C00EB02EF /* Info.plist */ = {isa = PBXFileReference; lastKnownFileType = text.plist.xml; path = Info.plist; sourceTree = "<group>"; };
		4755496926A1A01900EB02EF /* DrawingViewController.swift */ = {isa = PBXFileReference; lastKnownFileType = sourcecode.swift; path = DrawingViewController.swift; sourceTree = "<group>"; };
		50EBD7234C4572B70AE6E489 /* Pods-Sketchpad.release.xcconfig */ = {isa = PBXFileReference; includeInIndex = 1; lastKnownFileType = text.xcconfig; name = "Pods-Sketchpad.release.xcconfig"; path = "Target Support Files/Pods-Sketchpad/Pods-Sketchpad.release.xcconfig"; sourceTree = "<group>"; };
		55429C3121EE471DF4AC52E5 /* Pods-Sketchpad.debug.xcconfig */ = {isa = PBXFileReference; includeInIndex = 1; lastKnownFileType = text.xcconfig; name = "Pods-Sketchpad.debug.xcconfig"; path = "Target Support Files/Pods-Sketchpad/Pods-Sketchpad.debug.xcconfig"; sourceTree = "<group>"; };
		5E0538BC82E59F0D5C7C1BC4 /* Pods_Sketchpad.framework */ = {isa = PBXFileReference; explicitFileType = wrapper.framework; includeInIndex = 0; path = Pods_Sketchpad.framework; sourceTree = BUILT_PRODUCTS_DIR; };
/* End PBXFileReference section */

/* Begin PBXFrameworksBuildPhase section */
		4755494C26A1972A00EB02EF /* Frameworks */ = {
			isa = PBXFrameworksBuildPhase;
			buildActionMask = 2147483647;
			files = (
				14A84B78C300597EBF3590C4 /* Pods_Sketchpad.framework in Frameworks */,
			);
			runOnlyForDeploymentPostprocessing = 0;
		};
/* End PBXFrameworksBuildPhase section */

/* Begin PBXGroup section */
		28BF11A8E714381F2231FC04 /* Pods */ = {
			isa = PBXGroup;
			children = (
				55429C3121EE471DF4AC52E5 /* Pods-Sketchpad.debug.xcconfig */,
				50EBD7234C4572B70AE6E489 /* Pods-Sketchpad.release.xcconfig */,
			);
			path = Pods;
			sourceTree = "<group>";
		};
		4755494626A1972A00EB02EF = {
			isa = PBXGroup;
			children = (
				4755495126A1972A00EB02EF /* Sketchpad */,
				4755495026A1972A00EB02EF /* Products */,
				28BF11A8E714381F2231FC04 /* Pods */,
				856CE13FD843AECD013CF407 /* Frameworks */,
			);
			sourceTree = "<group>";
		};
		4755495026A1972A00EB02EF /* Products */ = {
			isa = PBXGroup;
			children = (
				4755494F26A1972A00EB02EF /* Sketchpad.app */,
			);
			name = Products;
			sourceTree = "<group>";
		};
		4755495126A1972A00EB02EF /* Sketchpad */ = {
			isa = PBXGroup;
			children = (
				4755495226A1972A00EB02EF /* AppDelegate.swift */,
				4755495426A1972A00EB02EF /* SceneDelegate.swift */,
				4755495826A1972A00EB02EF /* Main.storyboard */,
				4755496926A1A01900EB02EF /* DrawingViewController.swift */,
				4755495E26A1972C00EB02EF /* Assets.xcassets */,
				4755496026A1972C00EB02EF /* LaunchScreen.storyboard */,
				4755496326A1972C00EB02EF /* Info.plist */,
				4755495B26A1972A00EB02EF /* Sketchpad.xcdatamodeld */,
				470B92C726A44A330030A5B3 /* AllPicturesCollectionViewController.swift */,
			);
			path = Sketchpad;
			sourceTree = "<group>";
		};
		856CE13FD843AECD013CF407 /* Frameworks */ = {
			isa = PBXGroup;
			children = (
				5E0538BC82E59F0D5C7C1BC4 /* Pods_Sketchpad.framework */,
			);
			name = Frameworks;
			sourceTree = "<group>";
		};
/* End PBXGroup section */

/* Begin PBXNativeTarget section */
		4755494E26A1972A00EB02EF /* Sketchpad */ = {
			isa = PBXNativeTarget;
			buildConfigurationList = 4755496626A1972C00EB02EF /* Build configuration list for PBXNativeTarget "Sketchpad" */;
			buildPhases = (
				DCCDB0E1912B8163AA0582A5 /* [CP] Check Pods Manifest.lock */,
				4755494B26A1972A00EB02EF /* Sources */,
				4755494C26A1972A00EB02EF /* Frameworks */,
				4755494D26A1972A00EB02EF /* Resources */,
				0BC8E7E149812588CF25C75D /* [CP] Embed Pods Frameworks */,
			);
			buildRules = (
			);
			dependencies = (
			);
			name = Sketchpad;
			productName = Sketchpad;
			productReference = 4755494F26A1972A00EB02EF /* Sketchpad.app */;
			productType = "com.apple.product-type.application";
		};
/* End PBXNativeTarget section */

/* Begin PBXProject section */
		4755494726A1972A00EB02EF /* Project object */ = {
			isa = PBXProject;
			attributes = {
				LastSwiftUpdateCheck = 1250;
				LastUpgradeCheck = 1250;
				TargetAttributes = {
					4755494E26A1972A00EB02EF = {
						CreatedOnToolsVersion = 12.5;
					};
				};
			};
			buildConfigurationList = 4755494A26A1972A00EB02EF /* Build configuration list for PBXProject "Sketchpad" */;
			compatibilityVersion = "Xcode 9.3";
			developmentRegion = en;
			hasScannedForEncodings = 0;
			knownRegions = (
				en,
				Base,
			);
			mainGroup = 4755494626A1972A00EB02EF;
			productRefGroup = 4755495026A1972A00EB02EF /* Products */;
			projectDirPath = "";
			projectRoot = "";
			targets = (
				4755494E26A1972A00EB02EF /* Sketchpad */,
			);
		};
/* End PBXProject section */

/* Begin PBXResourcesBuildPhase section */
		4755494D26A1972A00EB02EF /* Resources */ = {
			isa = PBXResourcesBuildPhase;
			buildActionMask = 2147483647;
			files = (
				4755496226A1972C00EB02EF /* LaunchScreen.storyboard in Resources */,
				4755495F26A1972C00EB02EF /* Assets.xcassets in Resources */,
				4755495A26A1972A00EB02EF /* Main.storyboard in Resources */,
			);
			runOnlyForDeploymentPostprocessing = 0;
		};
/* End PBXResourcesBuildPhase section */

/* Begin PBXShellScriptBuildPhase section */
		0BC8E7E149812588CF25C75D /* [CP] Embed Pods Frameworks */ = {
			isa = PBXShellScriptBuildPhase;
			buildActionMask = 2147483647;
			files = (
			);
			inputFileListPaths = (
				"${PODS_ROOT}/Target Support Files/Pods-Sketchpad/Pods-Sketchpad-frameworks-${CONFIGURATION}-input-files.xcfilelist",
			);
			name = "[CP] Embed Pods Frameworks";
			outputFileListPaths = (
				"${PODS_ROOT}/Target Support Files/Pods-Sketchpad/Pods-Sketchpad-frameworks-${CONFIGURATION}-output-files.xcfilelist",
			);
			runOnlyForDeploymentPostprocessing = 0;
			shellPath = /bin/sh;
			shellScript = "\"${PODS_ROOT}/Target Support Files/Pods-Sketchpad/Pods-Sketchpad-frameworks.sh\"\n";
			showEnvVarsInLog = 0;
		};
		DCCDB0E1912B8163AA0582A5 /* [CP] Check Pods Manifest.lock */ = {
			isa = PBXShellScriptBuildPhase;
			buildActionMask = 2147483647;
			files = (
			);
			inputFileListPaths = (
			);
			inputPaths = (
				"${PODS_PODFILE_DIR_PATH}/Podfile.lock",
				"${PODS_ROOT}/Manifest.lock",
			);
			name = "[CP] Check Pods Manifest.lock";
			outputFileListPaths = (
			);
			outputPaths = (
				"$(DERIVED_FILE_DIR)/Pods-Sketchpad-checkManifestLockResult.txt",
			);
			runOnlyForDeploymentPostprocessing = 0;
			shellPath = /bin/sh;
			shellScript = "diff \"${PODS_PODFILE_DIR_PATH}/Podfile.lock\" \"${PODS_ROOT}/Manifest.lock\" > /dev/null\nif [ $? != 0 ] ; then\n    # print error to STDERR\n    echo \"error: The sandbox is not in sync with the Podfile.lock. Run 'pod install' or update your CocoaPods installation.\" >&2\n    exit 1\nfi\n# This output is used by Xcode 'outputs' to avoid re-running this script phase.\necho \"SUCCESS\" > \"${SCRIPT_OUTPUT_FILE_0}\"\n";
			showEnvVarsInLog = 0;
		};
/* End PBXShellScriptBuildPhase section */

/* Begin PBXSourcesBuildPhase section */
		4755494B26A1972A00EB02EF /* Sources */ = {
			isa = PBXSourcesBuildPhase;
			buildActionMask = 2147483647;
			files = (
				4755495D26A1972A00EB02EF /* Sketchpad.xcdatamodeld in Sources */,
				4755496A26A1A01900EB02EF /* DrawingViewController.swift in Sources */,
				4755495326A1972A00EB02EF /* AppDelegate.swift in Sources */,
				470B92C826A44A340030A5B3 /* AllPicturesCollectionViewController.swift in Sources */,
				4755495526A1972A00EB02EF /* SceneDelegate.swift in Sources */,
			);
			runOnlyForDeploymentPostprocessing = 0;
		};
/* End PBXSourcesBuildPhase section */

/* Begin PBXVariantGroup section */
		4755495826A1972A00EB02EF /* Main.storyboard */ = {
			isa = PBXVariantGroup;
			children = (
				4755495926A1972A00EB02EF /* Base */,
			);
			name = Main.storyboard;
			sourceTree = "<group>";
		};
		4755496026A1972C00EB02EF /* LaunchScreen.storyboard */ = {
			isa = PBXVariantGroup;
			children = (
				4755496126A1972C00EB02EF /* Base */,
			);
			name = LaunchScreen.storyboard;
			sourceTree = "<group>";
		};
/* End PBXVariantGroup section */

/* Begin XCBuildConfiguration section */
		4755496426A1972C00EB02EF /* Debug */ = {
			isa = XCBuildConfiguration;
			buildSettings = {
				ALWAYS_SEARCH_USER_PATHS = NO;
				CLANG_ANALYZER_NONNULL = YES;
				CLANG_ANALYZER_NUMBER_OBJECT_CONVERSION = YES_AGGRESSIVE;
				CLANG_CXX_LANGUAGE_STANDARD = "gnu++14";
				CLANG_CXX_LIBRARY = "libc++";
				CLANG_ENABLE_MODULES = YES;
				CLANG_ENABLE_OBJC_ARC = YES;
				CLANG_ENABLE_OBJC_WEAK = YES;
				CLANG_WARN_BLOCK_CAPTURE_AUTORELEASING = YES;
				CLANG_WARN_BOOL_CONVERSION = YES;
				CLANG_WARN_COMMA = YES;
				CLANG_WARN_CONSTANT_CONVERSION = YES;
				CLANG_WARN_DEPRECATED_OBJC_IMPLEMENTATIONS = YES;
				CLANG_WARN_DIRECT_OBJC_ISA_USAGE = YES_ERROR;
				CLANG_WARN_DOCUMENTATION_COMMENTS = YES;
				CLANG_WARN_EMPTY_BODY = YES;
				CLANG_WARN_ENUM_CONVERSION = YES;
				CLANG_WARN_INFINITE_RECURSION = YES;
				CLANG_WARN_INT_CONVERSION = YES;
				CLANG_WARN_NON_LITERAL_NULL_CONVERSION = YES;
				CLANG_WARN_OBJC_IMPLICIT_RETAIN_SELF = YES;
				CLANG_WARN_OBJC_LITERAL_CONVERSION = YES;
				CLANG_WARN_OBJC_ROOT_CLASS = YES_ERROR;
				CLANG_WARN_QUOTED_INCLUDE_IN_FRAMEWORK_HEADER = YES;
				CLANG_WARN_RANGE_LOOP_ANALYSIS = YES;
				CLANG_WARN_STRICT_PROTOTYPES = YES;
				CLANG_WARN_SUSPICIOUS_MOVE = YES;
				CLANG_WARN_UNGUARDED_AVAILABILITY = YES_AGGRESSIVE;
				CLANG_WARN_UNREACHABLE_CODE = YES;
				CLANG_WARN__DUPLICATE_METHOD_MATCH = YES;
				COPY_PHASE_STRIP = NO;
				DEBUG_INFORMATION_FORMAT = dwarf;
				ENABLE_STRICT_OBJC_MSGSEND = YES;
				ENABLE_TESTABILITY = YES;
				GCC_C_LANGUAGE_STANDARD = gnu11;
				GCC_DYNAMIC_NO_PIC = NO;
				GCC_NO_COMMON_BLOCKS = YES;
				GCC_OPTIMIZATION_LEVEL = 0;
				GCC_PREPROCESSOR_DEFINITIONS = (
					"DEBUG=1",
					"$(inherited)",
				);
				GCC_WARN_64_TO_32_BIT_CONVERSION = YES;
				GCC_WARN_ABOUT_RETURN_TYPE = YES_ERROR;
				GCC_WARN_UNDECLARED_SELECTOR = YES;
				GCC_WARN_UNINITIALIZED_AUTOS = YES_AGGRESSIVE;
				GCC_WARN_UNUSED_FUNCTION = YES;
				GCC_WARN_UNUSED_VARIABLE = YES;
				IPHONEOS_DEPLOYMENT_TARGET = 14.5;
				MTL_ENABLE_DEBUG_INFO = INCLUDE_SOURCE;
				MTL_FAST_MATH = YES;
				ONLY_ACTIVE_ARCH = YES;
				SDKROOT = iphoneos;
				SWIFT_ACTIVE_COMPILATION_CONDITIONS = DEBUG;
				SWIFT_OPTIMIZATION_LEVEL = "-Onone";
			};
			name = Debug;
		};
		4755496526A1972C00EB02EF /* Release */ = {
			isa = XCBuildConfiguration;
			buildSettings = {
				ALWAYS_SEARCH_USER_PATHS = NO;
				CLANG_ANALYZER_NONNULL = YES;
				CLANG_ANALYZER_NUMBER_OBJECT_CONVERSION = YES_AGGRESSIVE;
				CLANG_CXX_LANGUAGE_STANDARD = "gnu++14";
				CLANG_CXX_LIBRARY = "libc++";
				CLANG_ENABLE_MODULES = YES;
				CLANG_ENABLE_OBJC_ARC = YES;
				CLANG_ENABLE_OBJC_WEAK = YES;
				CLANG_WARN_BLOCK_CAPTURE_AUTORELEASING = YES;
				CLANG_WARN_BOOL_CONVERSION = YES;
				CLANG_WARN_COMMA = YES;
				CLANG_WARN_CONSTANT_CONVERSION = YES;
				CLANG_WARN_DEPRECATED_OBJC_IMPLEMENTATIONS = YES;
				CLANG_WARN_DIRECT_OBJC_ISA_USAGE = YES_ERROR;
				CLANG_WARN_DOCUMENTATION_COMMENTS = YES;
				CLANG_WARN_EMPTY_BODY = YES;
				CLANG_WARN_ENUM_CONVERSION = YES;
				CLANG_WARN_INFINITE_RECURSION = YES;
				CLANG_WARN_INT_CONVERSION = YES;
				CLANG_WARN_NON_LITERAL_NULL_CONVERSION = YES;
				CLANG_WARN_OBJC_IMPLICIT_RETAIN_SELF = YES;
				CLANG_WARN_OBJC_LITERAL_CONVERSION = YES;
				CLANG_WARN_OBJC_ROOT_CLASS = YES_ERROR;
				CLANG_WARN_QUOTED_INCLUDE_IN_FRAMEWORK_HEADER = YES;
				CLANG_WARN_RANGE_LOOP_ANALYSIS = YES;
				CLANG_WARN_STRICT_PROTOTYPES = YES;
				CLANG_WARN_SUSPICIOUS_MOVE = YES;
				CLANG_WARN_UNGUARDED_AVAILABILITY = YES_AGGRESSIVE;
				CLANG_WARN_UNREACHABLE_CODE = YES;
				CLANG_WARN__DUPLICATE_METHOD_MATCH = YES;
				COPY_PHASE_STRIP = NO;
				DEBUG_INFORMATION_FORMAT = "dwarf-with-dsym";
				ENABLE_NS_ASSERTIONS = NO;
				ENABLE_STRICT_OBJC_MSGSEND = YES;
				GCC_C_LANGUAGE_STANDARD = gnu11;
				GCC_NO_COMMON_BLOCKS = YES;
				GCC_WARN_64_TO_32_BIT_CONVERSION = YES;
				GCC_WARN_ABOUT_RETURN_TYPE = YES_ERROR;
				GCC_WARN_UNDECLARED_SELECTOR = YES;
				GCC_WARN_UNINITIALIZED_AUTOS = YES_AGGRESSIVE;
				GCC_WARN_UNUSED_FUNCTION = YES;
				GCC_WARN_UNUSED_VARIABLE = YES;
				IPHONEOS_DEPLOYMENT_TARGET = 14.5;
				MTL_ENABLE_DEBUG_INFO = NO;
				MTL_FAST_MATH = YES;
				SDKROOT = iphoneos;
				SWIFT_COMPILATION_MODE = wholemodule;
				SWIFT_OPTIMIZATION_LEVEL = "-O";
				VALIDATE_PRODUCT = YES;
			};
			name = Release;
		};
		4755496726A1972C00EB02EF /* Debug */ = {
			isa = XCBuildConfiguration;
			baseConfigurationReference = 55429C3121EE471DF4AC52E5 /* Pods-Sketchpad.debug.xcconfig */;
			buildSettings = {
				ASSETCATALOG_COMPILER_APPICON_NAME = AppIcon;
				ASSETCATALOG_COMPILER_GLOBAL_ACCENT_COLOR_NAME = AccentColor;
				CODE_SIGN_STYLE = Automatic;
				INFOPLIST_FILE = Sketchpad/Info.plist;
				LD_RUNPATH_SEARCH_PATHS = (
					"$(inherited)",
					"@executable_path/Frameworks",
				);
				PRODUCT_BUNDLE_IDENTIFIER = yash.bhojgarhia.Sketchpad;
				PRODUCT_NAME = "$(TARGET_NAME)";
				SWIFT_VERSION = 5.0;
				TARGETED_DEVICE_FAMILY = "1,2";
			};
			name = Debug;
		};
		4755496826A1972C00EB02EF /* Release */ = {
			isa = XCBuildConfiguration;
			baseConfigurationReference = 50EBD7234C4572B70AE6E489 /* Pods-Sketchpad.release.xcconfig */;
			buildSettings = {
				ASSETCATALOG_COMPILER_APPICON_NAME = AppIcon;
				ASSETCATALOG_COMPILER_GLOBAL_ACCENT_COLOR_NAME = AccentColor;
				CODE_SIGN_STYLE = Automatic;
				INFOPLIST_FILE = Sketchpad/Info.plist;
				LD_RUNPATH_SEARCH_PATHS = (
					"$(inherited)",
					"@executable_path/Frameworks",
				);
				PRODUCT_BUNDLE_IDENTIFIER = yash.bhojgarhia.Sketchpad;
				PRODUCT_NAME = "$(TARGET_NAME)";
				SWIFT_VERSION = 5.0;
				TARGETED_DEVICE_FAMILY = "1,2";
			};
			name = Release;
		};
/* End XCBuildConfiguration section */

/* Begin XCConfigurationList section */
		4755494A26A1972A00EB02EF /* Build configuration list for PBXProject "Sketchpad" */ = {
			isa = XCConfigurationList;
			buildConfigurations = (
				4755496426A1972C00EB02EF /* Debug */,
				4755496526A1972C00EB02EF /* Release */,
			);
			defaultConfigurationIsVisible = 0;
			defaultConfigurationName = Release;
		};
		4755496626A1972C00EB02EF /* Build configuration list for PBXNativeTarget "Sketchpad" */ = {
			isa = XCConfigurationList;
			buildConfigurations = (
				4755496726A1972C00EB02EF /* Debug */,
				4755496826A1972C00EB02EF /* Release */,
			);
			defaultConfigurationIsVisible = 0;
			defaultConfigurationName = Release;
		};
/* End XCConfigurationList section */

/* Begin XCVersionGroup section */
		4755495B26A1972A00EB02EF /* Sketchpad.xcdatamodeld */ = {
			isa = XCVersionGroup;
			children = (
				4755495C26A1972A00EB02EF /* Sketchpad.xcdatamodel */,
			);
			currentVersion = 4755495C26A1972A00EB02EF /* Sketchpad.xcdatamodel */;
			path = Sketchpad.xcdatamodeld;
			sourceTree = "<group>";
			versionGroupType = wrapper.xcdatamodel;
		};
/* End XCVersionGroup section */
	};
	rootObject = 4755494726A1972A00EB02EF /* Project object */;
}
